{
  "lockfileVersion": 1,
  "workspaces": {
    "": {
      "name": "mdi",
      "dependencies": {
        "@mdi/svg": "^7.4.47",
      },
    },
  },
  "packages": {
    "@mdi/svg": ["@mdi/svg@7.4.47", "", {}, "sha512-WQ2gDll12T9WD34fdRFgQVgO8bag3gavrAgJ0frN4phlwdJARpE6gO1YvLEMJR0KKgoc+/Ea/A0Pp11I00xBvw=="],
  }
}
